
Microsoft Visual Studio Solution File, Format Version 12.00
# Visual Studio Version 17
VisualStudioVersion = 17.11.35327.3
MinimumVisualStudioVersion = 10.0.40219.1
Project("{FAE04EC0-301F-11D3-BF4B-00C04F79EFBC}") = "CSC180Week12", "CSC180Week12.csproj", "{B6E2310E-6C5F-4EAD-9C9E-392DC3CBB244}"
EndProject
Global
	GlobalSection(SolutionConfigurationPlatforms) = preSolution
		Debug|Any CPU = Debug|Any CPU
		Release|Any CPU = Release|Any CPU
	EndGlobalSection
	GlobalSection(ProjectConfigurationPlatforms) = postSolution
		{B6E2310E-6C5F-4EAD-9C9E-392DC3CBB244}.Debug|Any CPU.ActiveCfg = Debug|Any CPU
		{B6E2310E-6C5F-4EAD-9C9E-392DC3CBB244}.Debug|Any CPU.Build.0 = Debug|Any CPU
		{B6E2310E-6C5F-4EAD-9C9E-392DC3CBB244}.Release|Any CPU.ActiveCfg = Release|Any CPU
		{B6E2310E-6C5F-4EAD-9C9E-392DC3CBB244}.Release|Any CPU.Build.0 = Release|Any CPU
	EndGlobalSection
	GlobalSection(SolutionProperties) = preSolution
		HideSolutionNode = FALSE
	EndGlobalSection
	GlobalSection(ExtensibilityGlobals) = postSolution
		SolutionGuid = {0558AC7A-4BCF-4B99-9A07-B2F954770F21}
	EndGlobalSection
EndGlobal
